
Microsoft Visual Studio Solution File, Format Version 12.00
# Visual Studio Version 17
VisualStudioVersion = 17.4.33205.214
MinimumVisualStudioVersion = 10.0.40219.1
Project("{FAE04EC0-301F-11D3-BF4B-00C04F79EFBC}") = "WebApplication1", "WebApplication1\WebApplication1.csproj", "{86D3447E-3718-409B-80C7-D6E1312A64DD}"
EndProject
Project("{FAE04EC0-301F-11D3-BF4B-00C04F79EFBC}") = "WebApplication1.Tests", "WebApplication1.Tests\WebApplication1.Tests.csproj", "{3752D72C-1498-4BB5-BA32-123BC9629852}"
EndProject
Global
	GlobalSection(SolutionConfigurationPlatforms) = preSolution
		Debug|Any CPU = Debug|Any CPU
		Release|Any CPU = Release|Any CPU
	EndGlobalSection
	GlobalSection(ProjectConfigurationPlatforms) = postSolution
		{86D3447E-3718-409B-80C7-D6E1312A64DD}.Debug|Any CPU.ActiveCfg = Debug|Any CPU
		{86D3447E-3718-409B-80C7-D6E1312A64DD}.Debug|Any CPU.Build.0 = Debug|Any CPU
		{86D3447E-3718-409B-80C7-D6E1312A64DD}.Release|Any CPU.ActiveCfg = Release|Any CPU
		{86D3447E-3718-409B-80C7-D6E1312A64DD}.Release|Any CPU.Build.0 = Release|Any CPU
		{3752D72C-1498-4BB5-BA32-123BC9629852}.Debug|Any CPU.ActiveCfg = Debug|Any CPU
		{3752D72C-1498-4BB5-BA32-123BC9629852}.Debug|Any CPU.Build.0 = Debug|Any CPU
		{3752D72C-1498-4BB5-BA32-123BC9629852}.Release|Any CPU.ActiveCfg = Release|Any CPU
		{3752D72C-1498-4BB5-BA32-123BC9629852}.Release|Any CPU.Build.0 = Release|Any CPU
	EndGlobalSection
	GlobalSection(SolutionProperties) = preSolution
		HideSolutionNode = FALSE
	EndGlobalSection
	GlobalSection(ExtensibilityGlobals) = postSolution
		SolutionGuid = {53CA1793-76BF-4AE6-9AEA-A09BDD9F0D78}
	EndGlobalSection
EndGlobal
